// !$*UTF8*$!
{
	archiveVersion = 1;
	classes = {
	};
	objectVersion = 56;
	objects = {

/* Begin PBXBuildFile section */
		A1200001000020000000000001 /* App.swift in Sources */ = {isa = PBXBuildFile; fileRef = A1200001000020000000000002 /* App.swift */; };
/* End PBXBuildFile section */

/* Begin PBXFileReference section */
		A1200001000020000000000002 /* App.swift */ = {isa = PBXFileReference; lastKnownFileType = sourcecode.swift; path = SimpleAccounting/App.swift; sourceTree = "<group>"; };
		A1200001000020000000000020 /* SimpleAccounting.app */ = {isa = PBXFileReference; explicitFileType = wrapper.application; includeInIndex = 0; path = SimpleAccounting.app; sourceTree = BUILT_PRODUCTS_DIR; };
/* End PBXFileReference section */

/* Begin PBXGroup section */
		A1200001000020000000000022 = {
			isa = PBXGroup;
			children = (
				A1200001000020000000000002 /* App.swift */,
				A1200001000020000000000023 /* Products */,
			);
			sourceTree = "<group>";
		};
		A1200001000020000000000023 /* Products */ = {
			isa = PBXGroup;
			children = (
				A1200001000020000000000020 /* SimpleAccounting.app */,
			);
			name = Products;
			sourceTree = "<group>";
		};
/* End PBXGroup section */

/* Begin PBXNativeTarget section */
		A1200001000020000000000024 /* SimpleAccounting */ = {
			isa = PBXNativeTarget;
			buildConfigurationList = A1200001000020000000000027 /* Build configuration list for PBXNativeTarget "SimpleAccounting" */;
			buildPhases = (
				A1200001000020000000000025 /* Sources */,
			);
			buildRules = (
			);
			dependencies = (
			);
			name = SimpleAccounting;
			productName = SimpleAccounting;
			productReference = A1200001000020000000000020 /* SimpleAccounting.app */;
			productType = "com.apple.product-type.application";
		};
/* End PBXNativeTarget section */

/* Begin PBXProject section */
		A1200001000020000000000028 /* Project object */ = {
			isa = PBXProject;
			attributes = {
				LastSwiftUpdateCheck = 1500;
				LastUpgradeCheck = 1500;
			};
			buildConfigurationList = A1200001000020000000000029 /* Build configuration list for PBXProject "SimpleAccounting" */;
			compatibilityVersion = "Xcode 15.0";
			developmentRegion = en;
			hasScannedForEncodings = 0;
			knownRegions = (
				en,
			);
			mainGroup = A1200001000020000000000022;
			productRefGroup = A1200001000020000000000023 /* Products */;
			projectDirPath = "";
			projectRoot = "";
			targets = (
				A1200001000020000000000024 /* SimpleAccounting */,
			);
		};
/* End PBXProject section */

/* Begin PBXSourcesBuildPhase section */
		A1200001000020000000000025 /* Sources */ = {
			isa = PBXSourcesBuildPhase;
			buildActionMask = 2147483647;
			files = (
				A1200001000020000000000001 /* App.swift in Sources */,
			);
			runOnlyForDeploymentPostprocessing = 0;
		};
/* End PBXSourcesBuildPhase section */

/* Begin XCBuildConfiguration section */
		A120000100002000000000002A /* Debug */ = {
			isa = XCBuildConfiguration;
			buildSettings = {
				PRODUCT_BUNDLE_IDENTIFIER = com.example.SimpleAccounting;
				PRODUCT_NAME = "$(TARGET_NAME)";
				SWIFT_VERSION = 5.0;
			};
			name = Debug;
		};
		A120000100002000000000002B /* Release */ = {
			isa = XCBuildConfiguration;
			buildSettings = {
				PRODUCT_BUNDLE_IDENTIFIER = com.example.SimpleAccounting;
				PRODUCT_NAME = "$(TARGET_NAME)";
				SWIFT_VERSION = 5.0;
			};
			name = Release;
		};
		A120000100002000000000002C /* Debug */ = {
			isa = XCBuildConfiguration;
			buildSettings = {
				IPHONEOS_DEPLOYMENT_TARGET = 17.0;
				SDKROOT = iphoneos;
			};
			name = Debug;
		};
		A120000100002000000000002D /* Release */ = {
			isa = XCBuildConfiguration;
			buildSettings = {
				IPHONEOS_DEPLOYMENT_TARGET = 17.0;
				SDKROOT = iphoneos;
			};
			name = Release;
		};
/* End XCBuildConfiguration section */

/* Begin XCConfigurationList section */
		A1200001000020000000000027 /* Build configuration list for PBXNativeTarget "SimpleAccounting" */ = {
			isa = XCConfigurationList;
			buildConfigurations = (
				A120000100002000000000002A /* Debug */,
				A120000100002000000000002B /* Release */,
			);
			defaultConfigurationIsVisible = 0;
			defaultConfigurationName = Release;
		};
		A1200001000020000000000029 /* Build configuration list for PBXProject "SimpleAccounting" */ = {
			isa = XCConfigurationList;
			buildConfigurations = (
				A120000100002000000000002C /* Debug */,
				A120000100002000000000002D /* Release */,
			);
			defaultConfigurationIsVisible = 0;
			defaultConfigurationName = Release;
		};
/* End XCConfigurationList section */
	};
	rootObject = A1200001000020000000000028 /* Project object */;
}
